
Microsoft Visual Studio Solution File, Format Version 12.00
# Visual Studio Version 16
VisualStudioVersion = 16.0.31129.286
MinimumVisualStudioVersion = 10.0.40219.1
Project("{FAE04EC0-301F-11D3-BF4B-00C04F79EFBC}") = "API Sample", "API Sample.csproj", "{A93BFA92-A8D4-4C51-AFB5-0883A8E2D573}"
EndProject
Global
	GlobalSection(SolutionConfigurationPlatforms) = preSolution
		Debug|Any CPU = Debug|Any CPU
		Release|Any CPU = Release|Any CPU
	EndGlobalSection
	GlobalSection(ProjectConfigurationPlatforms) = postSolution
		{A93BFA92-A8D4-4C51-AFB5-0883A8E2D573}.Debug|Any CPU.ActiveCfg = Debug|Any CPU
		{A93BFA92-A8D4-4C51-AFB5-0883A8E2D573}.Debug|Any CPU.Build.0 = Debug|Any CPU
		{A93BFA92-A8D4-4C51-AFB5-0883A8E2D573}.Release|Any CPU.ActiveCfg = Release|Any CPU
		{A93BFA92-A8D4-4C51-AFB5-0883A8E2D573}.Release|Any CPU.Build.0 = Release|Any CPU
	EndGlobalSection
	GlobalSection(SolutionProperties) = preSolution
		HideSolutionNode = FALSE
	EndGlobalSection
	GlobalSection(ExtensibilityGlobals) = postSolution
		SolutionGuid = {E37564EE-BCB0-479D-AEF3-6682B1F4BE0B}
	EndGlobalSection
EndGlobal
